
Microsoft Visual Studio Solution File, Format Version 12.00
# Visual Studio Version 17
VisualStudioVersion = 17.8.34309.116
MinimumVisualStudioVersion = 10.0.40219.1
Project("{FAE04EC0-301F-11D3-BF4B-00C04F79EFBC}") = "TaskLINQ", "TaskLINQ\TaskLINQ.csproj", "{35022A07-138B-4CBC-9B41-E572D71E448B}"
EndProject
Global
	GlobalSection(SolutionConfigurationPlatforms) = preSolution
		Debug|Any CPU = Debug|Any CPU
		Release|Any CPU = Release|Any CPU
	EndGlobalSection
	GlobalSection(ProjectConfigurationPlatforms) = postSolution
		{35022A07-138B-4CBC-9B41-E572D71E448B}.Debug|Any CPU.ActiveCfg = Debug|Any CPU
		{35022A07-138B-4CBC-9B41-E572D71E448B}.Debug|Any CPU.Build.0 = Debug|Any CPU
		{35022A07-138B-4CBC-9B41-E572D71E448B}.Release|Any CPU.ActiveCfg = Release|Any CPU
		{35022A07-138B-4CBC-9B41-E572D71E448B}.Release|Any CPU.Build.0 = Release|Any CPU
	EndGlobalSection
	GlobalSection(SolutionProperties) = preSolution
		HideSolutionNode = FALSE
	EndGlobalSection
	GlobalSection(ExtensibilityGlobals) = postSolution
		SolutionGuid = {DA894FA8-EBD5-42F1-A9B9-76D61E458D2C}
	EndGlobalSection
EndGlobal
